// !$*UTF8*$!
{
	archiveVersion = 1;
	classes = {
	};
	objectVersion = 46;
	objects = {

/* Begin PBXBuildFile section */
		01BDB0891E83158100446DB5 /* AppDelegate.swift in Sources */ = {isa = PBXBuildFile; fileRef = 01BDB0881E83158100446DB5 /* AppDelegate.swift */; };
		01BDB08E1E83158100446DB5 /* Main.storyboard in Resources */ = {isa = PBXBuildFile; fileRef = 01BDB08C1E83158100446DB5 /* Main.storyboard */; };
		01BDB0901E83158100446DB5 /* Assets.xcassets in Resources */ = {isa = PBXBuildFile; fileRef = 01BDB08F1E83158100446DB5 /* Assets.xcassets */; };
		01BDB0931E83158100446DB5 /* LaunchScreen.storyboard in Resources */ = {isa = PBXBuildFile; fileRef = 01BDB0911E83158100446DB5 /* LaunchScreen.storyboard */; };
		01BDB12B1E85A75B00446DB5 /* DecadeTableViewController.swift in Sources */ = {isa = PBXBuildFile; fileRef = 01BDB12A1E85A75B00446DB5 /* DecadeTableViewController.swift */; };
		01BDB1331E85C82000446DB5 /* Deckade.swift in Sources */ = {isa = PBXBuildFile; fileRef = 01BDB1321E85C82000446DB5 /* Deckade.swift */; };
/* End PBXBuildFile section */

/* Begin PBXFileReference section */
		01BDB0851E83158100446DB5 /* CapstoneTesting.app */ = {isa = PBXFileReference; explicitFileType = wrapper.application; includeInIndex = 0; path = CapstoneTesting.app; sourceTree = BUILT_PRODUCTS_DIR; };
		01BDB0881E83158100446DB5 /* AppDelegate.swift */ = {isa = PBXFileReference; lastKnownFileType = sourcecode.swift; path = AppDelegate.swift; sourceTree = "<group>"; };
		01BDB08D1E83158100446DB5 /* Base */ = {isa = PBXFileReference; lastKnownFileType = file.storyboard; name = Base; path = Base.lproj/Main.storyboard; sourceTree = "<group>"; };
		01BDB08F1E83158100446DB5 /* Assets.xcassets */ = {isa = PBXFileReference; lastKnownFileType = folder.assetcatalog; path = Assets.xcassets; sourceTree = "<group>"; };
		01BDB0921E83158100446DB5 /* Base */ = {isa = PBXFileReference; lastKnownFileType = file.storyboard; name = Base; path = Base.lproj/LaunchScreen.storyboard; sourceTree = "<group>"; };
		01BDB0941E83158100446DB5 /* Info.plist */ = {isa = PBXFileReference; lastKnownFileType = text.plist.xml; path = Info.plist; sourceTree = "<group>"; };
		01BDB12A1E85A75B00446DB5 /* DecadeTableViewController.swift */ = {isa = PBXFileReference; fileEncoding = 4; lastKnownFileType = sourcecode.swift; name = DecadeTableViewController.swift; path = ../DecadeTableViewController.swift; sourceTree = "<group>"; };
		01BDB1321E85C82000446DB5 /* Deckade.swift */ = {isa = PBXFileReference; fileEncoding = 4; lastKnownFileType = sourcecode.swift; path = Deckade.swift; sourceTree = "<group>"; };
/* End PBXFileReference section */

/* Begin PBXFrameworksBuildPhase section */
		01BDB0821E83158100446DB5 /* Frameworks */ = {
			isa = PBXFrameworksBuildPhase;
			buildActionMask = 2147483647;
			files = (
			);
			runOnlyForDeploymentPostprocessing = 0;
		};
/* End PBXFrameworksBuildPhase section */

/* Begin PBXGroup section */
		01BDB07C1E83158100446DB5 = {
			isa = PBXGroup;
			children = (
				01BDB0871E83158100446DB5 /* CapstoneTesting */,
				01BDB0861E83158100446DB5 /* Products */,
				01BDB12C1E85A76700446DB5 /* Resource */,
			);
			sourceTree = "<group>";
		};
		01BDB0861E83158100446DB5 /* Products */ = {
			isa = PBXGroup;
			children = (
				01BDB0851E83158100446DB5 /* CapstoneTesting.app */,
			);
			name = Products;
			sourceTree = "<group>";
		};
		01BDB0871E83158100446DB5 /* CapstoneTesting */ = {
			isa = PBXGroup;
			children = (
				01BDB1301E85A79800446DB5 /* Model */,
				01BDB12F1E85A78D00446DB5 /* ModelController */,
				01BDB12E1E85A78500446DB5 /* ViewController */,
				01BDB12D1E85A77D00446DB5 /* View */,
				01BDB08C1E83158100446DB5 /* Main.storyboard */,
				01BDB0911E83158100446DB5 /* LaunchScreen.storyboard */,
			);
			path = CapstoneTesting;
			sourceTree = "<group>";
		};
		01BDB12C1E85A76700446DB5 /* Resource */ = {
			isa = PBXGroup;
			children = (
				01BDB0881E83158100446DB5 /* AppDelegate.swift */,
				01BDB08F1E83158100446DB5 /* Assets.xcassets */,
				01BDB0941E83158100446DB5 /* Info.plist */,
			);
			name = Resource;
			path = CapstoneTesting;
			sourceTree = "<group>";
		};
		01BDB12D1E85A77D00446DB5 /* View */ = {
			isa = PBXGroup;
			children = (
				01BDB1311E85A7A100446DB5 /* Storyboard */,
			);
			name = View;
			sourceTree = "<group>";
		};
		01BDB12E1E85A78500446DB5 /* ViewController */ = {
			isa = PBXGroup;
			children = (
				01BDB12A1E85A75B00446DB5 /* DecadeTableViewController.swift */,
			);
			name = ViewController;
			sourceTree = "<group>";
		};
		01BDB12F1E85A78D00446DB5 /* ModelController */ = {
			isa = PBXGroup;
			children = (
			);
			name = ModelController;
			sourceTree = "<group>";
		};
		01BDB1301E85A79800446DB5 /* Model */ = {
			isa = PBXGroup;
			children = (
				01BDB1321E85C82000446DB5 /* Deckade.swift */,
			);
			name = Model;
			sourceTree = "<group>";
		};
		01BDB1311E85A7A100446DB5 /* Storyboard */ = {
			isa = PBXGroup;
			children = (
			);
			name = Storyboard;
			sourceTree = "<group>";
		};
/* End PBXGroup section */

/* Begin PBXNativeTarget section */
		01BDB0841E83158100446DB5 /* CapstoneTesting */ = {
			isa = PBXNativeTarget;
			buildConfigurationList = 01BDB0971E83158100446DB5 /* Build configuration list for PBXNativeTarget "CapstoneTesting" */;
			buildPhases = (
				01BDB0811E83158100446DB5 /* Sources */,
				01BDB0821E83158100446DB5 /* Frameworks */,
				01BDB0831E83158100446DB5 /* Resources */,
			);
			buildRules = (
			);
			dependencies = (
			);
			name = CapstoneTesting;
			productName = CapstoneTesting;
			productReference = 01BDB0851E83158100446DB5 /* CapstoneTesting.app */;
			productType = "com.apple.product-type.application";
		};
/* End PBXNativeTarget section */

/* Begin PBXProject section */
		01BDB07D1E83158100446DB5 /* Project object */ = {
			isa = PBXProject;
			attributes = {
				LastSwiftUpdateCheck = 0820;
				LastUpgradeCheck = 0820;
				ORGANIZATIONNAME = "Nick Reichard";
				TargetAttributes = {
					01BDB0841E83158100446DB5 = {
						CreatedOnToolsVersion = 8.2.1;
						DevelopmentTeam = MU4CK45G4T;
						ProvisioningStyle = Automatic;
					};
				};
			};
			buildConfigurationList = 01BDB0801E83158100446DB5 /* Build configuration list for PBXProject "CapstoneTesting" */;
			compatibilityVersion = "Xcode 3.2";
			developmentRegion = English;
			hasScannedForEncodings = 0;
			knownRegions = (
				en,
				Base,
			);
			mainGroup = 01BDB07C1E83158100446DB5;
			productRefGroup = 01BDB0861E83158100446DB5 /* Products */;
			projectDirPath = "";
			projectRoot = "";
			targets = (
				01BDB0841E83158100446DB5 /* CapstoneTesting */,
			);
		};
/* End PBXProject section */

/* Begin PBXResourcesBuildPhase section */
		01BDB0831E83158100446DB5 /* Resources */ = {
			isa = PBXResourcesBuildPhase;
			buildActionMask = 2147483647;
			files = (
				01BDB0931E83158100446DB5 /* LaunchScreen.storyboard in Resources */,
				01BDB0901E83158100446DB5 /* Assets.xcassets in Resources */,
				01BDB08E1E83158100446DB5 /* Main.storyboard in Resources */,
			);
			runOnlyForDeploymentPostprocessing = 0;
		};
/* End PBXResourcesBuildPhase section */

/* Begin PBXSourcesBuildPhase section */
		01BDB0811E83158100446DB5 /* Sources */ = {
			isa = PBXSourcesBuildPhase;
			buildActionMask = 2147483647;
			files = (
				01BDB0891E83158100446DB5 /* AppDelegate.swift in Sources */,
				01BDB12B1E85A75B00446DB5 /* DecadeTableViewController.swift in Sources */,
				01BDB1331E85C82000446DB5 /* Deckade.swift in Sources */,
			);
			runOnlyForDeploymentPostprocessing = 0;
		};
/* End PBXSourcesBuildPhase section */

/* Begin PBXVariantGroup section */
		01BDB08C1E83158100446DB5 /* Main.storyboard */ = {
			isa = PBXVariantGroup;
			children = (
				01BDB08D1E83158100446DB5 /* Base */,
			);
			name = Main.storyboard;
			sourceTree = "<group>";
		};
		01BDB0911E83158100446DB5 /* LaunchScreen.storyboard */ = {
			isa = PBXVariantGroup;
			children = (
				01BDB0921E83158100446DB5 /* Base */,
			);
			name = LaunchScreen.storyboard;
			sourceTree = "<group>";
		};
/* End PBXVariantGroup section */

/* Begin XCBuildConfiguration section */
		01BDB0951E83158100446DB5 /* Debug */ = {
			isa = XCBuildConfiguration;
			buildSettings = {
				ALWAYS_SEARCH_USER_PATHS = NO;
				CLANG_ANALYZER_NONNULL = YES;
				CLANG_CXX_LANGUAGE_STANDARD = "gnu++0x";
				CLANG_CXX_LIBRARY = "libc++";
				CLANG_ENABLE_MODULES = YES;
				CLANG_ENABLE_OBJC_ARC = YES;
				CLANG_WARN_BOOL_CONVERSION = YES;
				CLANG_WARN_CONSTANT_CONVERSION = YES;
				CLANG_WARN_DIRECT_OBJC_ISA_USAGE = YES_ERROR;
				CLANG_WARN_DOCUMENTATION_COMMENTS = YES;
				CLANG_WARN_EMPTY_BODY = YES;
				CLANG_WARN_ENUM_CONVERSION = YES;
				CLANG_WARN_INFINITE_RECURSION = YES;
				CLANG_WARN_INT_CONVERSION = YES;
				CLANG_WARN_OBJC_ROOT_CLASS = YES_ERROR;
				CLANG_WARN_SUSPICIOUS_MOVE = YES;
				CLANG_WARN_UNREACHABLE_CODE = YES;
				CLANG_WARN__DUPLICATE_METHOD_MATCH = YES;
				"CODE_SIGN_IDENTITY[sdk=iphoneos*]" = "iPhone Developer";
				COPY_PHASE_STRIP = NO;
				DEBUG_INFORMATION_FORMAT = dwarf;
				ENABLE_STRICT_OBJC_MSGSEND = YES;
				ENABLE_TESTABILITY = YES;
				GCC_C_LANGUAGE_STANDARD = gnu99;
				GCC_DYNAMIC_NO_PIC = NO;
				GCC_NO_COMMON_BLOCKS = YES;
				GCC_OPTIMIZATION_LEVEL = 0;
				GCC_PREPROCESSOR_DEFINITIONS = (
					"DEBUG=1",
					"$(inherited)",
				);
				GCC_WARN_64_TO_32_BIT_CONVERSION = YES;
				GCC_WARN_ABOUT_RETURN_TYPE = YES_ERROR;
				GCC_WARN_UNDECLARED_SELECTOR = YES;
				GCC_WARN_UNINITIALIZED_AUTOS = YES_AGGRESSIVE;
				GCC_WARN_UNUSED_FUNCTION = YES;
				GCC_WARN_UNUSED_VARIABLE = YES;
				IPHONEOS_DEPLOYMENT_TARGET = 10.2;
				MTL_ENABLE_DEBUG_INFO = YES;
				ONLY_ACTIVE_ARCH = YES;
				SDKROOT = iphoneos;
				SWIFT_ACTIVE_COMPILATION_CONDITIONS = DEBUG;
				SWIFT_OPTIMIZATION_LEVEL = "-Onone";
				TARGETED_DEVICE_FAMILY = "1,2";
			};
			name = Debug;
		};
		01BDB0961E83158100446DB5 /* Release */ = {
			isa = XCBuildConfiguration;
			buildSettings = {
				ALWAYS_SEARCH_USER_PATHS = NO;
				CLANG_ANALYZER_NONNULL = YES;
				CLANG_CXX_LANGUAGE_STANDARD = "gnu++0x";
				CLANG_CXX_LIBRARY = "libc++";
				CLANG_ENABLE_MODULES = YES;
				CLANG_ENABLE_OBJC_ARC = YES;
				CLANG_WARN_BOOL_CONVERSION = YES;
				CLANG_WARN_CONSTANT_CONVERSION = YES;
				CLANG_WARN_DIRECT_OBJC_ISA_USAGE = YES_ERROR;
				CLANG_WARN_DOCUMENTATION_COMMENTS = YES;
				CLANG_WARN_EMPTY_BODY = YES;
				CLANG_WARN_ENUM_CONVERSION = YES;
				CLANG_WARN_INFINITE_RECURSION = YES;
				CLANG_WARN_INT_CONVERSION = YES;
				CLANG_WARN_OBJC_ROOT_CLASS = YES_ERROR;
				CLANG_WARN_SUSPICIOUS_MOVE = YES;
				CLANG_WARN_UNREACHABLE_CODE = YES;
				CLANG_WARN__DUPLICATE_METHOD_MATCH = YES;
				"CODE_SIGN_IDENTITY[sdk=iphoneos*]" = "iPhone Developer";
				COPY_PHASE_STRIP = NO;
				DEBUG_INFORMATION_FORMAT = "dwarf-with-dsym";
				ENABLE_NS_ASSERTIONS = NO;
				ENABLE_STRICT_OBJC_MSGSEND = YES;
				GCC_C_LANGUAGE_STANDARD = gnu99;
				GCC_NO_COMMON_BLOCKS = YES;
				GCC_WARN_64_TO_32_BIT_CONVERSION = YES;
				GCC_WARN_ABOUT_RETURN_TYPE = YES_ERROR;
				GCC_WARN_UNDECLARED_SELECTOR = YES;
				GCC_WARN_UNINITIALIZED_AUTOS = YES_AGGRESSIVE;
				GCC_WARN_UNUSED_FUNCTION = YES;
				GCC_WARN_UNUSED_VARIABLE = YES;
				IPHONEOS_DEPLOYMENT_TARGET = 10.2;
				MTL_ENABLE_DEBUG_INFO = NO;
				SDKROOT = iphoneos;
				SWIFT_OPTIMIZATION_LEVEL = "-Owholemodule";
				TARGETED_DEVICE_FAMILY = "1,2";
				VALIDATE_PRODUCT = YES;
			};
			name = Release;
		};
		01BDB0981E83158100446DB5 /* Debug */ = {
			isa = XCBuildConfiguration;
			buildSettings = {
				ASSETCATALOG_COMPILER_APPICON_NAME = AppIcon;
				DEVELOPMENT_TEAM = MU4CK45G4T;
				INFOPLIST_FILE = CapstoneTesting/Info.plist;
				LD_RUNPATH_SEARCH_PATHS = "$(inherited) @executable_path/Frameworks";
				PRODUCT_BUNDLE_IDENTIFIER = com.nickreichard..CapstoneTesting;
				PRODUCT_NAME = "$(TARGET_NAME)";
				SWIFT_VERSION = 3.0;
			};
			name = Debug;
		};
		01BDB0991E83158100446DB5 /* Release */ = {
			isa = XCBuildConfiguration;
			buildSettings = {
				ASSETCATALOG_COMPILER_APPICON_NAME = AppIcon;
				DEVELOPMENT_TEAM = MU4CK45G4T;
				INFOPLIST_FILE = CapstoneTesting/Info.plist;
				LD_RUNPATH_SEARCH_PATHS = "$(inherited) @executable_path/Frameworks";
				PRODUCT_BUNDLE_IDENTIFIER = com.nickreichard..CapstoneTesting;
				PRODUCT_NAME = "$(TARGET_NAME)";
				SWIFT_VERSION = 3.0;
			};
			name = Release;
		};
/* End XCBuildConfiguration section */

/* Begin XCConfigurationList section */
		01BDB0801E83158100446DB5 /* Build configuration list for PBXProject "CapstoneTesting" */ = {
			isa = XCConfigurationList;
			buildConfigurations = (
				01BDB0951E83158100446DB5 /* Debug */,
				01BDB0961E83158100446DB5 /* Release */,
			);
			defaultConfigurationIsVisible = 0;
			defaultConfigurationName = Release;
		};
		01BDB0971E83158100446DB5 /* Build configuration list for PBXNativeTarget "CapstoneTesting" */ = {
			isa = XCConfigurationList;
			buildConfigurations = (
				01BDB0981E83158100446DB5 /* Debug */,
				01BDB0991E83158100446DB5 /* Release */,
			);
			defaultConfigurationIsVisible = 0;
		};
/* End XCConfigurationList section */
	};
	rootObject = 01BDB07D1E83158100446DB5 /* Project object */;
}
